
Microsoft Visual Studio Solution File, Format Version 12.00
# Visual Studio Version 17
VisualStudioVersion = 17.3.32929.385
MinimumVisualStudioVersion = 10.0.40219.1
Project("{FAE04EC0-301F-11D3-BF4B-00C04F79EFBC}") = "BD1_OKNO", "BD1_OKNO\BD1_OKNO.csproj", "{B4E2E148-04AD-4487-828B-C0E32294731B}"
EndProject
Global
	GlobalSection(SolutionConfigurationPlatforms) = preSolution
		Debug|Any CPU = Debug|Any CPU
		Release|Any CPU = Release|Any CPU
	EndGlobalSection
	GlobalSection(ProjectConfigurationPlatforms) = postSolution
		{B4E2E148-04AD-4487-828B-C0E32294731B}.Debug|Any CPU.ActiveCfg = Debug|Any CPU
		{B4E2E148-04AD-4487-828B-C0E32294731B}.Debug|Any CPU.Build.0 = Debug|Any CPU
		{B4E2E148-04AD-4487-828B-C0E32294731B}.Release|Any CPU.ActiveCfg = Release|Any CPU
		{B4E2E148-04AD-4487-828B-C0E32294731B}.Release|Any CPU.Build.0 = Release|Any CPU
	EndGlobalSection
	GlobalSection(SolutionProperties) = preSolution
		HideSolutionNode = FALSE
	EndGlobalSection
	GlobalSection(ExtensibilityGlobals) = postSolution
		SolutionGuid = {3BAFC241-3F50-4E18-8F2A-C8571238601B}
	EndGlobalSection
EndGlobal
